PODS:
  - Alamofire (4.7.3)
  - OHHTTPStubs (6.1.0):
    - OHHTTPStubs/Default (= 6.1.0)
  - OHHTTPStubs/Core (6.1.0)
  - OHHTTPStubs/Default (6.1.0):
    - OHHTTPStubs/Core
    - OHHTTPStubs/JSON
    - OHHTTPStubs/NSURLSession
    - OHHTTPStubs/OHPathHelpers
  - OHHTTPStubs/JSON (6.1.0):
    - OHHTTPStubs/Core
  - OHHTTPStubs/NSURLSession (6.1.0):
    - OHHTTPStubs/Core
  - OHHTTPStubs/OHPathHelpers (6.1.0)

DEPENDENCIES:
  - Alamofire
  - OHHTTPStubs

SPEC REPOS:
  https://github.com/cocoapods/specs.git:
    - Alamofire
    - OHHTTPStubs

SPEC CHECKSUMS:
  Alamofire: c7287b6e5d7da964a70935e5db17046b7fde6568
  OHHTTPStubs: 1e21c7d2c084b8153fc53d48400d8919d2d432d0

PODFILE CHECKSUM: 9e9d0bd58bcce131b5c74deeef753f3b699678c9

COCOAPODS: 1.5.3
