// !$*UTF8*$!
{
	archiveVersion = 1;
	classes = {
	};
	objectVersion = 48;
	objects = {

/* Begin PBXBuildFile section */
		18AE1119426A0BBCF1976C68 /* Pods_FileToolkitTests.framework in Frameworks */ = {isa = PBXBuildFile; fileRef = EF76A139C1BA27B6F6777688 /* Pods_FileToolkitTests.framework */; };
		305799D671C9003C52B32EB7 /* Pods_FileToolkit.framework in Frameworks */ = {isa = PBXBuildFile; fileRef = A46DDA0024077689656D97F4 /* Pods_FileToolkit.framework */; };
		B545EF26207EC47B00A2B9C0 /* FileToolkit-Bridging-Header.h in Headers */ = {isa = PBXBuildFile; fileRef = B545EF25207EC47B00A2B9C0 /* FileToolkit-Bridging-Header.h */; };
		B54C705620803BF20053A527 /* BrickUploader.swift in Sources */ = {isa = PBXBuildFile; fileRef = B54C705520803BF10053A527 /* BrickUploader.swift */; };
		B576369E2086AE730085A12E /* LocalBlobStoreTests.swift in Sources */ = {isa = PBXBuildFile; fileRef = B5A5353C207D44BF00D9E3D2 /* LocalBlobStoreTests.swift */; };
		B57636A02086AE7C0085A12E /* RemoteCachingBlobStoreTests.swift in Sources */ = {isa = PBXBuildFile; fileRef = B5A5353E207D44C000D9E3D2 /* RemoteCachingBlobStoreTests.swift */; };
		B57636A12086AE7C0085A12E /* SmartBlobStoreTests.swift in Sources */ = {isa = PBXBuildFile; fileRef = B5A5353D207D44BF00D9E3D2 /* SmartBlobStoreTests.swift */; };
		B57636A22086AE7C0085A12E /* BrickUploaderTests.swift in Sources */ = {isa = PBXBuildFile; fileRef = B54C705720803C0B0053A527 /* BrickUploaderTests.swift */; };
		B57636A72086B2860085A12E /* PDFGenerator.h in Headers */ = {isa = PBXBuildFile; fileRef = B57636A52086B2860085A12E /* PDFGenerator.h */; settings = {ATTRIBUTES = (Public, ); }; };
		B57636A82086B2DC0085A12E /* PDFGenerator.m in Sources */ = {isa = PBXBuildFile; fileRef = B57636A42086B2860085A12E /* PDFGenerator.m */; };
		B57636AA2086BDCF0085A12E /* PDFGeneratorTests.swift in Sources */ = {isa = PBXBuildFile; fileRef = B57636A92086BDCF0085A12E /* PDFGeneratorTests.swift */; };
		B59F1CEA207C2E2900B16220 /* FileToolkit.framework in Frameworks */ = {isa = PBXBuildFile; fileRef = B59F1CE0207C2E2900B16220 /* FileToolkit.framework */; };
		B59F1CFF207D3CD200B16220 /* SmartBlobStore.swift in Sources */ = {isa = PBXBuildFile; fileRef = B59F1CFA207D3CD100B16220 /* SmartBlobStore.swift */; };
		B59F1D00207D3CD200B16220 /* RemoteBlobStore.swift in Sources */ = {isa = PBXBuildFile; fileRef = B59F1CFB207D3CD100B16220 /* RemoteBlobStore.swift */; };
		B59F1D01207D3CD200B16220 /* LocalBlobStore.swift in Sources */ = {isa = PBXBuildFile; fileRef = B59F1CFC207D3CD100B16220 /* LocalBlobStore.swift */; };
		B59F1D02207D3CD200B16220 /* BlobStore.swift in Sources */ = {isa = PBXBuildFile; fileRef = B59F1CFD207D3CD100B16220 /* BlobStore.swift */; };
		B59F1D03207D3CD200B16220 /* RemoteCachingBlobStore.swift in Sources */ = {isa = PBXBuildFile; fileRef = B59F1CFE207D3CD200B16220 /* RemoteCachingBlobStore.swift */; };
		B5A53549207E9AE000D9E3D2 /* DataEncryptor.h in Headers */ = {isa = PBXBuildFile; fileRef = B5A53546207E9AE000D9E3D2 /* DataEncryptor.h */; settings = {ATTRIBUTES = (Public, ); }; };
		B5A5354A207E9AE000D9E3D2 /* DataDecryptor.sh in Resources */ = {isa = PBXBuildFile; fileRef = B5A53547207E9AE000D9E3D2 /* DataDecryptor.sh */; };
		B5A5354B207E9AE000D9E3D2 /* DataEncryptor.m in Sources */ = {isa = PBXBuildFile; fileRef = B5A53548207E9AE000D9E3D2 /* DataEncryptor.m */; };
		B5A53552207EC1FD00D9E3D2 /* encrypt_private_key.pem in Resources */ = {isa = PBXBuildFile; fileRef = B5A53550207EC1FD00D9E3D2 /* encrypt_private_key.pem */; };
		B5A53553207EC1FD00D9E3D2 /* encrypt_public_key.der in Resources */ = {isa = PBXBuildFile; fileRef = B5A53551207EC1FD00D9E3D2 /* encrypt_public_key.der */; };
		B5D1E2B22086A5860006EBDD /* DataEncryptorTests.swift in Sources */ = {isa = PBXBuildFile; fileRef = B5A53554207EC22C00D9E3D2 /* DataEncryptorTests.swift */; };
/* End PBXBuildFile section */

/* Begin PBXContainerItemProxy section */
		B59F1CEB207C2E2900B16220 /* PBXContainerItemProxy */ = {
			isa = PBXContainerItemProxy;
			containerPortal = B59F1CD7207C2E2900B16220 /* Project object */;
			proxyType = 1;
			remoteGlobalIDString = B59F1CDF207C2E2900B16220;
			remoteInfo = BlobStore;
		};
/* End PBXContainerItemProxy section */

/* Begin PBXFileReference section */
		12B9AE49FFC6D82AF78B9881 /* Pods-BlobStore.release.xcconfig */ = {isa = PBXFileReference; includeInIndex = 1; lastKnownFileType = text.xcconfig; name = "Pods-BlobStore.release.xcconfig"; path = "Pods/Target Support Files/Pods-BlobStore/Pods-BlobStore.release.xcconfig"; sourceTree = "<group>"; };
		24798EC5FB474A994945D150 /* Pods_BlobStore.framework */ = {isa = PBXFileReference; explicitFileType = wrapper.framework; includeInIndex = 0; path = Pods_BlobStore.framework; sourceTree = BUILT_PRODUCTS_DIR; };
		38B57FDB199D9580B7088531 /* Pods_BlobStoreTests.framework */ = {isa = PBXFileReference; explicitFileType = wrapper.framework; includeInIndex = 0; path = Pods_BlobStoreTests.framework; sourceTree = BUILT_PRODUCTS_DIR; };
		449C12883EC76BB71A8A7154 /* Pods-FileToolkitTests.release.xcconfig */ = {isa = PBXFileReference; includeInIndex = 1; lastKnownFileType = text.xcconfig; name = "Pods-FileToolkitTests.release.xcconfig"; path = "Pods/Target Support Files/Pods-FileToolkitTests/Pods-FileToolkitTests.release.xcconfig"; sourceTree = "<group>"; };
		53E8C30964DAD57264CEEE19 /* Pods-FileToolkitTests.debug.xcconfig */ = {isa = PBXFileReference; includeInIndex = 1; lastKnownFileType = text.xcconfig; name = "Pods-FileToolkitTests.debug.xcconfig"; path = "Pods/Target Support Files/Pods-FileToolkitTests/Pods-FileToolkitTests.debug.xcconfig"; sourceTree = "<group>"; };
		78B7479CB41E87A2F544B7F5 /* Pods-BlobStoreTests.debug.xcconfig */ = {isa = PBXFileReference; includeInIndex = 1; lastKnownFileType = text.xcconfig; name = "Pods-BlobStoreTests.debug.xcconfig"; path = "Pods/Target Support Files/Pods-BlobStoreTests/Pods-BlobStoreTests.debug.xcconfig"; sourceTree = "<group>"; };
		A46DDA0024077689656D97F4 /* Pods_FileToolkit.framework */ = {isa = PBXFileReference; explicitFileType = wrapper.framework; includeInIndex = 0; path = Pods_FileToolkit.framework; sourceTree = BUILT_PRODUCTS_DIR; };
		B545EF25207EC47B00A2B9C0 /* FileToolkit-Bridging-Header.h */ = {isa = PBXFileReference; fileEncoding = 4; lastKnownFileType = sourcecode.c.h; path = "FileToolkit-Bridging-Header.h"; sourceTree = "<group>"; };
		B54C705520803BF10053A527 /* BrickUploader.swift */ = {isa = PBXFileReference; fileEncoding = 4; lastKnownFileType = sourcecode.swift; path = BrickUploader.swift; sourceTree = "<group>"; };
		B54C705720803C0B0053A527 /* BrickUploaderTests.swift */ = {isa = PBXFileReference; fileEncoding = 4; lastKnownFileType = sourcecode.swift; path = BrickUploaderTests.swift; sourceTree = "<group>"; };
		B57636A42086B2860085A12E /* PDFGenerator.m */ = {isa = PBXFileReference; fileEncoding = 4; lastKnownFileType = sourcecode.c.objc; path = PDFGenerator.m; sourceTree = "<group>"; };
		B57636A52086B2860085A12E /* PDFGenerator.h */ = {isa = PBXFileReference; fileEncoding = 4; lastKnownFileType = sourcecode.c.h; path = PDFGenerator.h; sourceTree = "<group>"; };
		B57636A92086BDCF0085A12E /* PDFGeneratorTests.swift */ = {isa = PBXFileReference; lastKnownFileType = sourcecode.swift; path = PDFGeneratorTests.swift; sourceTree = "<group>"; };
		B59F1CE0207C2E2900B16220 /* FileToolkit.framework */ = {isa = PBXFileReference; explicitFileType = wrapper.framework; includeInIndex = 0; path = FileToolkit.framework; sourceTree = BUILT_PRODUCTS_DIR; };
		B59F1CE4207C2E2900B16220 /* FileToolkit-Info.plist */ = {isa = PBXFileReference; lastKnownFileType = text.plist.xml; path = "FileToolkit-Info.plist"; sourceTree = "<group>"; };
		B59F1CE9207C2E2900B16220 /* FileToolkitTests.xctest */ = {isa = PBXFileReference; explicitFileType = wrapper.cfbundle; includeInIndex = 0; path = FileToolkitTests.xctest; sourceTree = BUILT_PRODUCTS_DIR; };
		B59F1CF0207C2E2900B16220 /* FileToolkitTests-Info.plist */ = {isa = PBXFileReference; lastKnownFileType = text.plist.xml; path = "FileToolkitTests-Info.plist"; sourceTree = "<group>"; };
		B59F1CFA207D3CD100B16220 /* SmartBlobStore.swift */ = {isa = PBXFileReference; fileEncoding = 4; lastKnownFileType = sourcecode.swift; path = SmartBlobStore.swift; sourceTree = "<group>"; };
		B59F1CFB207D3CD100B16220 /* RemoteBlobStore.swift */ = {isa = PBXFileReference; fileEncoding = 4; lastKnownFileType = sourcecode.swift; path = RemoteBlobStore.swift; sourceTree = "<group>"; };
		B59F1CFC207D3CD100B16220 /* LocalBlobStore.swift */ = {isa = PBXFileReference; fileEncoding = 4; lastKnownFileType = sourcecode.swift; path = LocalBlobStore.swift; sourceTree = "<group>"; };
		B59F1CFD207D3CD100B16220 /* BlobStore.swift */ = {isa = PBXFileReference; fileEncoding = 4; lastKnownFileType = sourcecode.swift; path = BlobStore.swift; sourceTree = "<group>"; };
		B59F1CFE207D3CD200B16220 /* RemoteCachingBlobStore.swift */ = {isa = PBXFileReference; fileEncoding = 4; lastKnownFileType = sourcecode.swift; path = RemoteCachingBlobStore.swift; sourceTree = "<group>"; };
		B5A5353C207D44BF00D9E3D2 /* LocalBlobStoreTests.swift */ = {isa = PBXFileReference; fileEncoding = 4; lastKnownFileType = sourcecode.swift; path = LocalBlobStoreTests.swift; sourceTree = "<group>"; };
		B5A5353D207D44BF00D9E3D2 /* SmartBlobStoreTests.swift */ = {isa = PBXFileReference; fileEncoding = 4; lastKnownFileType = sourcecode.swift; path = SmartBlobStoreTests.swift; sourceTree = "<group>"; };
		B5A5353E207D44C000D9E3D2 /* RemoteCachingBlobStoreTests.swift */ = {isa = PBXFileReference; fileEncoding = 4; lastKnownFileType = sourcecode.swift; path = RemoteCachingBlobStoreTests.swift; sourceTree = "<group>"; };
		B5A53544207D7CDA00D9E3D2 /* LICENSE */ = {isa = PBXFileReference; lastKnownFileType = text; path = LICENSE; sourceTree = "<group>"; };
		B5A53546207E9AE000D9E3D2 /* DataEncryptor.h */ = {isa = PBXFileReference; fileEncoding = 4; lastKnownFileType = sourcecode.c.h; path = DataEncryptor.h; sourceTree = "<group>"; };
		B5A53547207E9AE000D9E3D2 /* DataDecryptor.sh */ = {isa = PBXFileReference; fileEncoding = 4; lastKnownFileType = text.script.sh; path = DataDecryptor.sh; sourceTree = "<group>"; };
		B5A53548207E9AE000D9E3D2 /* DataEncryptor.m */ = {isa = PBXFileReference; fileEncoding = 4; lastKnownFileType = sourcecode.c.objc; path = DataEncryptor.m; sourceTree = "<group>"; };
		B5A53550207EC1FD00D9E3D2 /* encrypt_private_key.pem */ = {isa = PBXFileReference; fileEncoding = 4; lastKnownFileType = text; path = encrypt_private_key.pem; sourceTree = "<group>"; };
		B5A53551207EC1FD00D9E3D2 /* encrypt_public_key.der */ = {isa = PBXFileReference; lastKnownFileType = file; path = encrypt_public_key.der; sourceTree = "<group>"; };
		B5A53554207EC22C00D9E3D2 /* DataEncryptorTests.swift */ = {isa = PBXFileReference; lastKnownFileType = sourcecode.swift; path = DataEncryptorTests.swift; sourceTree = "<group>"; };
		E21F357EB92D36012323BB35 /* Pods-FileToolkit.debug.xcconfig */ = {isa = PBXFileReference; includeInIndex = 1; lastKnownFileType = text.xcconfig; name = "Pods-FileToolkit.debug.xcconfig"; path = "Pods/Target Support Files/Pods-FileToolkit/Pods-FileToolkit.debug.xcconfig"; sourceTree = "<group>"; };
		E6CFCD4988E7E9FDA951BD00 /* Pods-BlobStoreTests.release.xcconfig */ = {isa = PBXFileReference; includeInIndex = 1; lastKnownFileType = text.xcconfig; name = "Pods-BlobStoreTests.release.xcconfig"; path = "Pods/Target Support Files/Pods-BlobStoreTests/Pods-BlobStoreTests.release.xcconfig"; sourceTree = "<group>"; };
		EF76A139C1BA27B6F6777688 /* Pods_FileToolkitTests.framework */ = {isa = PBXFileReference; explicitFileType = wrapper.framework; includeInIndex = 0; path = Pods_FileToolkitTests.framework; sourceTree = BUILT_PRODUCTS_DIR; };
		F26A12A7E043C43FEE20D064 /* Pods-BlobStore.debug.xcconfig */ = {isa = PBXFileReference; includeInIndex = 1; lastKnownFileType = text.xcconfig; name = "Pods-BlobStore.debug.xcconfig"; path = "Pods/Target Support Files/Pods-BlobStore/Pods-BlobStore.debug.xcconfig"; sourceTree = "<group>"; };
		F8868EAB8139B2038C55F973 /* Pods-FileToolkit.release.xcconfig */ = {isa = PBXFileReference; includeInIndex = 1; lastKnownFileType = text.xcconfig; name = "Pods-FileToolkit.release.xcconfig"; path = "Pods/Target Support Files/Pods-FileToolkit/Pods-FileToolkit.release.xcconfig"; sourceTree = "<group>"; };
/* End PBXFileReference section */

/* Begin PBXFrameworksBuildPhase section */
		B59F1CDC207C2E2900B16220 /* Frameworks */ = {
			isa = PBXFrameworksBuildPhase;
			buildActionMask = 2147483647;
			files = (
				305799D671C9003C52B32EB7 /* Pods_FileToolkit.framework in Frameworks */,
			);
			runOnlyForDeploymentPostprocessing = 0;
		};
		B59F1CE6207C2E2900B16220 /* Frameworks */ = {
			isa = PBXFrameworksBuildPhase;
			buildActionMask = 2147483647;
			files = (
				B59F1CEA207C2E2900B16220 /* FileToolkit.framework in Frameworks */,
				18AE1119426A0BBCF1976C68 /* Pods_FileToolkitTests.framework in Frameworks */,
			);
			runOnlyForDeploymentPostprocessing = 0;
		};
/* End PBXFrameworksBuildPhase section */

/* Begin PBXGroup section */
		12695F2368FA2346899EF82A /* Frameworks */ = {
			isa = PBXGroup;
			children = (
				24798EC5FB474A994945D150 /* Pods_BlobStore.framework */,
				38B57FDB199D9580B7088531 /* Pods_BlobStoreTests.framework */,
				A46DDA0024077689656D97F4 /* Pods_FileToolkit.framework */,
				EF76A139C1BA27B6F6777688 /* Pods_FileToolkitTests.framework */,
			);
			name = Frameworks;
			sourceTree = "<group>";
		};
		B54C705420803BF10053A527 /* BrickUploader */ = {
			isa = PBXGroup;
			children = (
				B54C705520803BF10053A527 /* BrickUploader.swift */,
				B54C705720803C0B0053A527 /* BrickUploaderTests.swift */,
			);
			path = BrickUploader;
			sourceTree = "<group>";
		};
		B57636A32086B2860085A12E /* PDFGenerator */ = {
			isa = PBXGroup;
			children = (
				B57636A52086B2860085A12E /* PDFGenerator.h */,
				B57636A42086B2860085A12E /* PDFGenerator.m */,
				B57636A92086BDCF0085A12E /* PDFGeneratorTests.swift */,
			);
			path = PDFGenerator;
			sourceTree = "<group>";
		};
		B59F1CD6207C2E2900B16220 = {
			isa = PBXGroup;
			children = (
				B5A53544207D7CDA00D9E3D2 /* LICENSE */,
				B59F1CE4207C2E2900B16220 /* FileToolkit-Info.plist */,
				B545EF25207EC47B00A2B9C0 /* FileToolkit-Bridging-Header.h */,
				B59F1CF0207C2E2900B16220 /* FileToolkitTests-Info.plist */,
				B59F1CE2207C2E2900B16220 /* BlobStore */,
				B54C705420803BF10053A527 /* BrickUploader */,
				B5A53545207E9AE000D9E3D2 /* DataEncryptor */,
				B57636A32086B2860085A12E /* PDFGenerator */,
				B59F1CE1207C2E2900B16220 /* Products */,
				CD8D23832A4F55BE57120722 /* Pods */,
				12695F2368FA2346899EF82A /* Frameworks */,
			);
			sourceTree = "<group>";
		};
		B59F1CE1207C2E2900B16220 /* Products */ = {
			isa = PBXGroup;
			children = (
				B59F1CE0207C2E2900B16220 /* FileToolkit.framework */,
				B59F1CE9207C2E2900B16220 /* FileToolkitTests.xctest */,
			);
			name = Products;
			sourceTree = "<group>";
		};
		B59F1CE2207C2E2900B16220 /* BlobStore */ = {
			isa = PBXGroup;
			children = (
				B59F1CFD207D3CD100B16220 /* BlobStore.swift */,
				B59F1CFC207D3CD100B16220 /* LocalBlobStore.swift */,
				B59F1CFB207D3CD100B16220 /* RemoteBlobStore.swift */,
				B59F1CFE207D3CD200B16220 /* RemoteCachingBlobStore.swift */,
				B59F1CFA207D3CD100B16220 /* SmartBlobStore.swift */,
				B5D1E2B02086A55D0006EBDD /* Tests */,
			);
			path = BlobStore;
			sourceTree = "<group>";
		};
		B59F1CED207C2E2900B16220 /* Tests */ = {
			isa = PBXGroup;
			children = (
				B5A53554207EC22C00D9E3D2 /* DataEncryptorTests.swift */,
				B5A53550207EC1FD00D9E3D2 /* encrypt_private_key.pem */,
				B5A53551207EC1FD00D9E3D2 /* encrypt_public_key.der */,
			);
			path = Tests;
			sourceTree = "<group>";
		};
		B5A53545207E9AE000D9E3D2 /* DataEncryptor */ = {
			isa = PBXGroup;
			children = (
				B5A53546207E9AE000D9E3D2 /* DataEncryptor.h */,
				B5A53548207E9AE000D9E3D2 /* DataEncryptor.m */,
				B5A53547207E9AE000D9E3D2 /* DataDecryptor.sh */,
				B59F1CED207C2E2900B16220 /* Tests */,
			);
			path = DataEncryptor;
			sourceTree = "<group>";
		};
		B5D1E2B02086A55D0006EBDD /* Tests */ = {
			isa = PBXGroup;
			children = (
				B5A5353C207D44BF00D9E3D2 /* LocalBlobStoreTests.swift */,
				B5A5353E207D44C000D9E3D2 /* RemoteCachingBlobStoreTests.swift */,
				B5A5353D207D44BF00D9E3D2 /* SmartBlobStoreTests.swift */,
			);
			path = Tests;
			sourceTree = "<group>";
		};
		CD8D23832A4F55BE57120722 /* Pods */ = {
			isa = PBXGroup;
			children = (
				F26A12A7E043C43FEE20D064 /* Pods-BlobStore.debug.xcconfig */,
				12B9AE49FFC6D82AF78B9881 /* Pods-BlobStore.release.xcconfig */,
				78B7479CB41E87A2F544B7F5 /* Pods-BlobStoreTests.debug.xcconfig */,
				E6CFCD4988E7E9FDA951BD00 /* Pods-BlobStoreTests.release.xcconfig */,
				E21F357EB92D36012323BB35 /* Pods-FileToolkit.debug.xcconfig */,
				F8868EAB8139B2038C55F973 /* Pods-FileToolkit.release.xcconfig */,
				53E8C30964DAD57264CEEE19 /* Pods-FileToolkitTests.debug.xcconfig */,
				449C12883EC76BB71A8A7154 /* Pods-FileToolkitTests.release.xcconfig */,
			);
			name = Pods;
			sourceTree = "<group>";
		};
/* End PBXGroup section */

/* Begin PBXHeadersBuildPhase section */
		B59F1CDD207C2E2900B16220 /* Headers */ = {
			isa = PBXHeadersBuildPhase;
			buildActionMask = 2147483647;
			files = (
				B545EF26207EC47B00A2B9C0 /* FileToolkit-Bridging-Header.h in Headers */,
				B57636A72086B2860085A12E /* PDFGenerator.h in Headers */,
				B5A53549207E9AE000D9E3D2 /* DataEncryptor.h in Headers */,
			);
			runOnlyForDeploymentPostprocessing = 0;
		};
/* End PBXHeadersBuildPhase section */

/* Begin PBXNativeTarget section */
		B59F1CDF207C2E2900B16220 /* FileToolkit */ = {
			isa = PBXNativeTarget;
			buildConfigurationList = B59F1CF4207C2E2900B16220 /* Build configuration list for PBXNativeTarget "FileToolkit" */;
			buildPhases = (
				3DF77CF785EF8BB0530A98E8 /* [CP] Check Pods Manifest.lock */,
				B59F1CDB207C2E2900B16220 /* Sources */,
				B59F1CDC207C2E2900B16220 /* Frameworks */,
				B59F1CDD207C2E2900B16220 /* Headers */,
				B59F1CDE207C2E2900B16220 /* Resources */,
			);
			buildRules = (
			);
			dependencies = (
			);
			name = FileToolkit;
			productName = BlobStore;
			productReference = B59F1CE0207C2E2900B16220 /* FileToolkit.framework */;
			productType = "com.apple.product-type.framework";
		};
		B59F1CE8207C2E2900B16220 /* FileToolkitTests */ = {
			isa = PBXNativeTarget;
			buildConfigurationList = B59F1CF7207C2E2900B16220 /* Build configuration list for PBXNativeTarget "FileToolkitTests" */;
			buildPhases = (
				8E586A7FD7D9886F0A55F49F /* [CP] Check Pods Manifest.lock */,
				B59F1CE5207C2E2900B16220 /* Sources */,
				B59F1CE6207C2E2900B16220 /* Frameworks */,
				B59F1CE7207C2E2900B16220 /* Resources */,
				7347C98A7C1D26B05030AC93 /* [CP] Embed Pods Frameworks */,
			);
			buildRules = (
			);
			dependencies = (
				B59F1CEC207C2E2900B16220 /* PBXTargetDependency */,
			);
			name = FileToolkitTests;
			productName = BlobStoreTests;
			productReference = B59F1CE9207C2E2900B16220 /* FileToolkitTests.xctest */;
			productType = "com.apple.product-type.bundle.unit-test";
		};
/* End PBXNativeTarget section */

/* Begin PBXProject section */
		B59F1CD7207C2E2900B16220 /* Project object */ = {
			isa = PBXProject;
			attributes = {
				LastSwiftUpdateCheck = 0920;
				LastUpgradeCheck = 0930;
				ORGANIZATIONNAME = "Kashoo Systems Inc.";
				TargetAttributes = {
					B59F1CDF207C2E2900B16220 = {
						CreatedOnToolsVersion = 9.2;
						LastSwiftMigration = 0920;
						ProvisioningStyle = Automatic;
					};
					B59F1CE8207C2E2900B16220 = {
						CreatedOnToolsVersion = 9.2;
						LastSwiftMigration = 0930;
						ProvisioningStyle = Automatic;
					};
				};
			};
			buildConfigurationList = B59F1CDA207C2E2900B16220 /* Build configuration list for PBXProject "FileToolkit" */;
			compatibilityVersion = "Xcode 8.0";
			developmentRegion = en;
			hasScannedForEncodings = 0;
			knownRegions = (
				en,
			);
			mainGroup = B59F1CD6207C2E2900B16220;
			productRefGroup = B59F1CE1207C2E2900B16220 /* Products */;
			projectDirPath = "";
			projectRoot = "";
			targets = (
				B59F1CDF207C2E2900B16220 /* FileToolkit */,
				B59F1CE8207C2E2900B16220 /* FileToolkitTests */,
			);
		};
/* End PBXProject section */

/* Begin PBXResourcesBuildPhase section */
		B59F1CDE207C2E2900B16220 /* Resources */ = {
			isa = PBXResourcesBuildPhase;
			buildActionMask = 2147483647;
			files = (
				B5A5354A207E9AE000D9E3D2 /* DataDecryptor.sh in Resources */,
			);
			runOnlyForDeploymentPostprocessing = 0;
		};
		B59F1CE7207C2E2900B16220 /* Resources */ = {
			isa = PBXResourcesBuildPhase;
			buildActionMask = 2147483647;
			files = (
				B5A53553207EC1FD00D9E3D2 /* encrypt_public_key.der in Resources */,
				B5A53552207EC1FD00D9E3D2 /* encrypt_private_key.pem in Resources */,
			);
			runOnlyForDeploymentPostprocessing = 0;
		};
/* End PBXResourcesBuildPhase section */

/* Begin PBXShellScriptBuildPhase section */
		3DF77CF785EF8BB0530A98E8 /* [CP] Check Pods Manifest.lock */ = {
			isa = PBXShellScriptBuildPhase;
			buildActionMask = 2147483647;
			files = (
			);
			inputPaths = (
				"${PODS_PODFILE_DIR_PATH}/Podfile.lock",
				"${PODS_ROOT}/Manifest.lock",
			);
			name = "[CP] Check Pods Manifest.lock";
			outputPaths = (
				"$(DERIVED_FILE_DIR)/Pods-FileToolkit-checkManifestLockResult.txt",
			);
			runOnlyForDeploymentPostprocessing = 0;
			shellPath = /bin/sh;
			shellScript = "diff \"${PODS_PODFILE_DIR_PATH}/Podfile.lock\" \"${PODS_ROOT}/Manifest.lock\" > /dev/null\nif [ $? != 0 ] ; then\n    # print error to STDERR\n    echo \"error: The sandbox is not in sync with the Podfile.lock. Run 'pod install' or update your CocoaPods installation.\" >&2\n    exit 1\nfi\n# This output is used by Xcode 'outputs' to avoid re-running this script phase.\necho \"SUCCESS\" > \"${SCRIPT_OUTPUT_FILE_0}\"\n";
			showEnvVarsInLog = 0;
		};
		7347C98A7C1D26B05030AC93 /* [CP] Embed Pods Frameworks */ = {
			isa = PBXShellScriptBuildPhase;
			buildActionMask = 2147483647;
			files = (
			);
			inputPaths = (
				"${SRCROOT}/Pods/Target Support Files/Pods-FileToolkitTests/Pods-FileToolkitTests-frameworks.sh",
				"${BUILT_PRODUCTS_DIR}/OHHTTPStubs/OHHTTPStubs.framework",
				"${BUILT_PRODUCTS_DIR}/Alamofire/Alamofire.framework",
			);
			name = "[CP] Embed Pods Frameworks";
			outputPaths = (
				"${TARGET_BUILD_DIR}/${FRAMEWORKS_FOLDER_PATH}/OHHTTPStubs.framework",
				"${TARGET_BUILD_DIR}/${FRAMEWORKS_FOLDER_PATH}/Alamofire.framework",
			);
			runOnlyForDeploymentPostprocessing = 0;
			shellPath = /bin/sh;
			shellScript = "\"${SRCROOT}/Pods/Target Support Files/Pods-FileToolkitTests/Pods-FileToolkitTests-frameworks.sh\"\n";
			showEnvVarsInLog = 0;
		};
		8E586A7FD7D9886F0A55F49F /* [CP] Check Pods Manifest.lock */ = {
			isa = PBXShellScriptBuildPhase;
			buildActionMask = 2147483647;
			files = (
			);
			inputPaths = (
				"${PODS_PODFILE_DIR_PATH}/Podfile.lock",
				"${PODS_ROOT}/Manifest.lock",
			);
			name = "[CP] Check Pods Manifest.lock";
			outputPaths = (
				"$(DERIVED_FILE_DIR)/Pods-FileToolkitTests-checkManifestLockResult.txt",
			);
			runOnlyForDeploymentPostprocessing = 0;
			shellPath = /bin/sh;
			shellScript = "diff \"${PODS_PODFILE_DIR_PATH}/Podfile.lock\" \"${PODS_ROOT}/Manifest.lock\" > /dev/null\nif [ $? != 0 ] ; then\n    # print error to STDERR\n    echo \"error: The sandbox is not in sync with the Podfile.lock. Run 'pod install' or update your CocoaPods installation.\" >&2\n    exit 1\nfi\n# This output is used by Xcode 'outputs' to avoid re-running this script phase.\necho \"SUCCESS\" > \"${SCRIPT_OUTPUT_FILE_0}\"\n";
			showEnvVarsInLog = 0;
		};
/* End PBXShellScriptBuildPhase section */

/* Begin PBXSourcesBuildPhase section */
		B59F1CDB207C2E2900B16220 /* Sources */ = {
			isa = PBXSourcesBuildPhase;
			buildActionMask = 2147483647;
			files = (
				B59F1D01207D3CD200B16220 /* LocalBlobStore.swift in Sources */,
				B59F1D00207D3CD200B16220 /* RemoteBlobStore.swift in Sources */,
				B57636A82086B2DC0085A12E /* PDFGenerator.m in Sources */,
				B59F1D02207D3CD200B16220 /* BlobStore.swift in Sources */,
				B59F1CFF207D3CD200B16220 /* SmartBlobStore.swift in Sources */,
				B5A5354B207E9AE000D9E3D2 /* DataEncryptor.m in Sources */,
				B59F1D03207D3CD200B16220 /* RemoteCachingBlobStore.swift in Sources */,
				B54C705620803BF20053A527 /* BrickUploader.swift in Sources */,
			);
			runOnlyForDeploymentPostprocessing = 0;
		};
		B59F1CE5207C2E2900B16220 /* Sources */ = {
			isa = PBXSourcesBuildPhase;
			buildActionMask = 2147483647;
			files = (
				B57636A02086AE7C0085A12E /* RemoteCachingBlobStoreTests.swift in Sources */,
				B576369E2086AE730085A12E /* LocalBlobStoreTests.swift in Sources */,
				B57636A12086AE7C0085A12E /* SmartBlobStoreTests.swift in Sources */,
				B57636A22086AE7C0085A12E /* BrickUploaderTests.swift in Sources */,
				B57636AA2086BDCF0085A12E /* PDFGeneratorTests.swift in Sources */,
				B5D1E2B22086A5860006EBDD /* DataEncryptorTests.swift in Sources */,
			);
			runOnlyForDeploymentPostprocessing = 0;
		};
/* End PBXSourcesBuildPhase section */

/* Begin PBXTargetDependency section */
		B59F1CEC207C2E2900B16220 /* PBXTargetDependency */ = {
			isa = PBXTargetDependency;
			target = B59F1CDF207C2E2900B16220 /* FileToolkit */;
			targetProxy = B59F1CEB207C2E2900B16220 /* PBXContainerItemProxy */;
		};
/* End PBXTargetDependency section */

/* Begin XCBuildConfiguration section */
		B59F1CF2207C2E2900B16220 /* Debug */ = {
			isa = XCBuildConfiguration;
			buildSettings = {
				ALWAYS_SEARCH_USER_PATHS = NO;
				CLANG_ANALYZER_NONNULL = YES;
				CLANG_ANALYZER_NUMBER_OBJECT_CONVERSION = YES_AGGRESSIVE;
				CLANG_CXX_LANGUAGE_STANDARD = "gnu++14";
				CLANG_CXX_LIBRARY = "libc++";
				CLANG_ENABLE_MODULES = YES;
				CLANG_ENABLE_OBJC_ARC = YES;
				CLANG_WARN_BLOCK_CAPTURE_AUTORELEASING = YES;
				CLANG_WARN_BOOL_CONVERSION = YES;
				CLANG_WARN_COMMA = YES;
				CLANG_WARN_CONSTANT_CONVERSION = YES;
				CLANG_WARN_DEPRECATED_OBJC_IMPLEMENTATIONS = YES;
				CLANG_WARN_DIRECT_OBJC_ISA_USAGE = YES_ERROR;
				CLANG_WARN_DOCUMENTATION_COMMENTS = YES;
				CLANG_WARN_EMPTY_BODY = YES;
				CLANG_WARN_ENUM_CONVERSION = YES;
				CLANG_WARN_INFINITE_RECURSION = YES;
				CLANG_WARN_INT_CONVERSION = YES;
				CLANG_WARN_NON_LITERAL_NULL_CONVERSION = YES;
				CLANG_WARN_OBJC_IMPLICIT_RETAIN_SELF = YES;
				CLANG_WARN_OBJC_LITERAL_CONVERSION = YES;
				CLANG_WARN_OBJC_ROOT_CLASS = YES_ERROR;
				CLANG_WARN_RANGE_LOOP_ANALYSIS = YES;
				CLANG_WARN_STRICT_PROTOTYPES = YES;
				CLANG_WARN_SUSPICIOUS_MOVE = YES;
				CLANG_WARN_UNGUARDED_AVAILABILITY = YES_AGGRESSIVE;
				CLANG_WARN_UNREACHABLE_CODE = YES;
				CLANG_WARN__DUPLICATE_METHOD_MATCH = YES;
				CODE_SIGN_IDENTITY = "iPhone Developer";
				COPY_PHASE_STRIP = NO;
				CURRENT_PROJECT_VERSION = 1;
				DEBUG_INFORMATION_FORMAT = dwarf;
				ENABLE_STRICT_OBJC_MSGSEND = YES;
				ENABLE_TESTABILITY = YES;
				GCC_C_LANGUAGE_STANDARD = gnu11;
				GCC_DYNAMIC_NO_PIC = NO;
				GCC_NO_COMMON_BLOCKS = YES;
				GCC_OPTIMIZATION_LEVEL = 0;
				GCC_PREPROCESSOR_DEFINITIONS = (
					"DEBUG=1",
					"$(inherited)",
				);
				GCC_WARN_64_TO_32_BIT_CONVERSION = YES;
				GCC_WARN_ABOUT_RETURN_TYPE = YES_ERROR;
				GCC_WARN_UNDECLARED_SELECTOR = YES;
				GCC_WARN_UNINITIALIZED_AUTOS = YES_AGGRESSIVE;
				GCC_WARN_UNUSED_FUNCTION = YES;
				GCC_WARN_UNUSED_VARIABLE = YES;
				IPHONEOS_DEPLOYMENT_TARGET = 10.3;
				MTL_ENABLE_DEBUG_INFO = YES;
				ONLY_ACTIVE_ARCH = YES;
				SDKROOT = iphoneos;
				SWIFT_ACTIVE_COMPILATION_CONDITIONS = DEBUG;
				SWIFT_OPTIMIZATION_LEVEL = "-Onone";
				VERSIONING_SYSTEM = "apple-generic";
				VERSION_INFO_PREFIX = "";
			};
			name = Debug;
		};
		B59F1CF3207C2E2900B16220 /* Release */ = {
			isa = XCBuildConfiguration;
			buildSettings = {
				ALWAYS_SEARCH_USER_PATHS = NO;
				CLANG_ANALYZER_NONNULL = YES;
				CLANG_ANALYZER_NUMBER_OBJECT_CONVERSION = YES_AGGRESSIVE;
				CLANG_CXX_LANGUAGE_STANDARD = "gnu++14";
				CLANG_CXX_LIBRARY = "libc++";
				CLANG_ENABLE_MODULES = YES;
				CLANG_ENABLE_OBJC_ARC = YES;
				CLANG_WARN_BLOCK_CAPTURE_AUTORELEASING = YES;
				CLANG_WARN_BOOL_CONVERSION = YES;
				CLANG_WARN_COMMA = YES;
				CLANG_WARN_CONSTANT_CONVERSION = YES;
				CLANG_WARN_DEPRECATED_OBJC_IMPLEMENTATIONS = YES;
				CLANG_WARN_DIRECT_OBJC_ISA_USAGE = YES_ERROR;
				CLANG_WARN_DOCUMENTATION_COMMENTS = YES;
				CLANG_WARN_EMPTY_BODY = YES;
				CLANG_WARN_ENUM_CONVERSION = YES;
				CLANG_WARN_INFINITE_RECURSION = YES;
				CLANG_WARN_INT_CONVERSION = YES;
				CLANG_WARN_NON_LITERAL_NULL_CONVERSION = YES;
				CLANG_WARN_OBJC_IMPLICIT_RETAIN_SELF = YES;
				CLANG_WARN_OBJC_LITERAL_CONVERSION = YES;
				CLANG_WARN_OBJC_ROOT_CLASS = YES_ERROR;
				CLANG_WARN_RANGE_LOOP_ANALYSIS = YES;
				CLANG_WARN_STRICT_PROTOTYPES = YES;
				CLANG_WARN_SUSPICIOUS_MOVE = YES;
				CLANG_WARN_UNGUARDED_AVAILABILITY = YES_AGGRESSIVE;
				CLANG_WARN_UNREACHABLE_CODE = YES;
				CLANG_WARN__DUPLICATE_METHOD_MATCH = YES;
				CODE_SIGN_IDENTITY = "iPhone Developer";
				COPY_PHASE_STRIP = NO;
				CURRENT_PROJECT_VERSION = 1;
				DEBUG_INFORMATION_FORMAT = "dwarf-with-dsym";
				ENABLE_NS_ASSERTIONS = NO;
				ENABLE_STRICT_OBJC_MSGSEND = YES;
				GCC_C_LANGUAGE_STANDARD = gnu11;
				GCC_NO_COMMON_BLOCKS = YES;
				GCC_WARN_64_TO_32_BIT_CONVERSION = YES;
				GCC_WARN_ABOUT_RETURN_TYPE = YES_ERROR;
				GCC_WARN_UNDECLARED_SELECTOR = YES;
				GCC_WARN_UNINITIALIZED_AUTOS = YES_AGGRESSIVE;
				GCC_WARN_UNUSED_FUNCTION = YES;
				GCC_WARN_UNUSED_VARIABLE = YES;
				IPHONEOS_DEPLOYMENT_TARGET = 10.3;
				MTL_ENABLE_DEBUG_INFO = NO;
				SDKROOT = iphoneos;
				SWIFT_OPTIMIZATION_LEVEL = "-Owholemodule";
				VALIDATE_PRODUCT = YES;
				VERSIONING_SYSTEM = "apple-generic";
				VERSION_INFO_PREFIX = "";
			};
			name = Release;
		};
		B59F1CF5207C2E2900B16220 /* Debug */ = {
			isa = XCBuildConfiguration;
			baseConfigurationReference = E21F357EB92D36012323BB35 /* Pods-FileToolkit.debug.xcconfig */;
			buildSettings = {
				CLANG_ENABLE_MODULES = YES;
				CODE_SIGN_IDENTITY = "";
				CODE_SIGN_STYLE = Automatic;
				DEFINES_MODULE = YES;
				DYLIB_COMPATIBILITY_VERSION = 1;
				DYLIB_CURRENT_VERSION = 1;
				DYLIB_INSTALL_NAME_BASE = "@rpath";
				INFOPLIST_FILE = "FileToolkit-Info.plist";
				INSTALL_PATH = "$(LOCAL_LIBRARY_DIR)/Frameworks";
				LD_RUNPATH_SEARCH_PATHS = "$(inherited) @executable_path/Frameworks @loader_path/Frameworks";
				PRODUCT_BUNDLE_IDENTIFIER = com.kashoo.ios.FileToolkit;
				PRODUCT_NAME = "$(TARGET_NAME:c99extidentifier)";
				SKIP_INSTALL = YES;
				SWIFT_OBJC_BRIDGING_HEADER = "FileToolkit-Bridging-Header.h";
				SWIFT_OPTIMIZATION_LEVEL = "-Onone";
				SWIFT_VERSION = 4.0;
				TARGETED_DEVICE_FAMILY = "1,2";
			};
			name = Debug;
		};
		B59F1CF6207C2E2900B16220 /* Release */ = {
			isa = XCBuildConfiguration;
			baseConfigurationReference = F8868EAB8139B2038C55F973 /* Pods-FileToolkit.release.xcconfig */;
			buildSettings = {
				CLANG_ENABLE_MODULES = YES;
				CODE_SIGN_IDENTITY = "";
				CODE_SIGN_STYLE = Automatic;
				DEFINES_MODULE = YES;
				DYLIB_COMPATIBILITY_VERSION = 1;
				DYLIB_CURRENT_VERSION = 1;
				DYLIB_INSTALL_NAME_BASE = "@rpath";
				INFOPLIST_FILE = "FileToolkit-Info.plist";
				INSTALL_PATH = "$(LOCAL_LIBRARY_DIR)/Frameworks";
				LD_RUNPATH_SEARCH_PATHS = "$(inherited) @executable_path/Frameworks @loader_path/Frameworks";
				PRODUCT_BUNDLE_IDENTIFIER = com.kashoo.ios.FileToolkit;
				PRODUCT_NAME = "$(TARGET_NAME:c99extidentifier)";
				SKIP_INSTALL = YES;
				SWIFT_OBJC_BRIDGING_HEADER = "FileToolkit-Bridging-Header.h";
				SWIFT_VERSION = 4.0;
				TARGETED_DEVICE_FAMILY = "1,2";
			};
			name = Release;
		};
		B59F1CF8207C2E2900B16220 /* Debug */ = {
			isa = XCBuildConfiguration;
			baseConfigurationReference = 53E8C30964DAD57264CEEE19 /* Pods-FileToolkitTests.debug.xcconfig */;
			buildSettings = {
				CODE_SIGN_STYLE = Automatic;
				INFOPLIST_FILE = "FileToolkitTests-Info.plist";
				LD_RUNPATH_SEARCH_PATHS = "$(inherited) @executable_path/Frameworks @loader_path/Frameworks";
				PRODUCT_BUNDLE_IDENTIFIER = com.kashoo.ios.FileToolkitTests;
				PRODUCT_NAME = "$(TARGET_NAME)";
				SWIFT_VERSION = 4.0;
				TARGETED_DEVICE_FAMILY = "1,2";
			};
			name = Debug;
		};
		B59F1CF9207C2E2900B16220 /* Release */ = {
			isa = XCBuildConfiguration;
			baseConfigurationReference = 449C12883EC76BB71A8A7154 /* Pods-FileToolkitTests.release.xcconfig */;
			buildSettings = {
				CODE_SIGN_STYLE = Automatic;
				INFOPLIST_FILE = "FileToolkitTests-Info.plist";
				LD_RUNPATH_SEARCH_PATHS = "$(inherited) @executable_path/Frameworks @loader_path/Frameworks";
				PRODUCT_BUNDLE_IDENTIFIER = com.kashoo.ios.FileToolkitTests;
				PRODUCT_NAME = "$(TARGET_NAME)";
				SWIFT_VERSION = 4.0;
				TARGETED_DEVICE_FAMILY = "1,2";
			};
			name = Release;
		};
/* End XCBuildConfiguration section */

/* Begin XCConfigurationList section */
		B59F1CDA207C2E2900B16220 /* Build configuration list for PBXProject "FileToolkit" */ = {
			isa = XCConfigurationList;
			buildConfigurations = (
				B59F1CF2207C2E2900B16220 /* Debug */,
				B59F1CF3207C2E2900B16220 /* Release */,
			);
			defaultConfigurationIsVisible = 0;
			defaultConfigurationName = Release;
		};
		B59F1CF4207C2E2900B16220 /* Build configuration list for PBXNativeTarget "FileToolkit" */ = {
			isa = XCConfigurationList;
			buildConfigurations = (
				B59F1CF5207C2E2900B16220 /* Debug */,
				B59F1CF6207C2E2900B16220 /* Release */,
			);
			defaultConfigurationIsVisible = 0;
			defaultConfigurationName = Release;
		};
		B59F1CF7207C2E2900B16220 /* Build configuration list for PBXNativeTarget "FileToolkitTests" */ = {
			isa = XCConfigurationList;
			buildConfigurations = (
				B59F1CF8207C2E2900B16220 /* Debug */,
				B59F1CF9207C2E2900B16220 /* Release */,
			);
			defaultConfigurationIsVisible = 0;
			defaultConfigurationName = Release;
		};
/* End XCConfigurationList section */
	};
	rootObject = B59F1CD7207C2E2900B16220 /* Project object */;
}
